
Microsoft Visual Studio Solution File, Format Version 12.00
# Visual Studio Version 17
VisualStudioVersion = 17.4.33403.182
MinimumVisualStudioVersion = 10.0.40219.1
Project("{FAE04EC0-301F-11D3-BF4B-00C04F79EFBC}") = "StoreComputer", "StoreComputer\StoreComputer.csproj", "{B33740DD-B2BA-4135-9FC2-3BD9EF51E6A8}"
EndProject
Global
	GlobalSection(SolutionConfigurationPlatforms) = preSolution
		Debug|Any CPU = Debug|Any CPU
		Release|Any CPU = Release|Any CPU
	EndGlobalSection
	GlobalSection(ProjectConfigurationPlatforms) = postSolution
		{B33740DD-B2BA-4135-9FC2-3BD9EF51E6A8}.Debug|Any CPU.ActiveCfg = Debug|Any CPU
		{B33740DD-B2BA-4135-9FC2-3BD9EF51E6A8}.Debug|Any CPU.Build.0 = Debug|Any CPU
		{B33740DD-B2BA-4135-9FC2-3BD9EF51E6A8}.Release|Any CPU.ActiveCfg = Release|Any CPU
		{B33740DD-B2BA-4135-9FC2-3BD9EF51E6A8}.Release|Any CPU.Build.0 = Release|Any CPU
	EndGlobalSection
	GlobalSection(SolutionProperties) = preSolution
		HideSolutionNode = FALSE
	EndGlobalSection
	GlobalSection(ExtensibilityGlobals) = postSolution
		SolutionGuid = {BFA20471-8AAB-415C-9136-7F249C20B7FA}
	EndGlobalSection
EndGlobal
